
Microsoft Visual Studio Solution File, Format Version 12.00
# Visual Studio Version 16
VisualStudioVersion = 16.0.28803.452
MinimumVisualStudioVersion = 10.0.40219.1
Project("{8BC9CEB8-8B4A-11D0-8D11-00A0C91BC942}") = "LED-Matrix-Display", "LED-Matrix-Display\LED-Matrix-Display.vcxproj", "{8BFFD419-C20E-410D-8EAC-D2D833F0C8A5}"
EndProject
Global
	GlobalSection(SolutionConfigurationPlatforms) = preSolution
		Debug|x64 = Debug|x64
		Debug|x86 = Debug|x86
		Release|x64 = Release|x64
		Release|x86 = Release|x86
	EndGlobalSection
	GlobalSection(ProjectConfigurationPlatforms) = postSolution
		{8BFFD419-C20E-410D-8EAC-D2D833F0C8A5}.Debug|x64.ActiveCfg = Debug|x64
		{8BFFD419-C20E-410D-8EAC-D2D833F0C8A5}.Debug|x64.Build.0 = Debug|x64
		{8BFFD419-C20E-410D-8EAC-D2D833F0C8A5}.Debug|x86.ActiveCfg = Debug|Win32
		{8BFFD419-C20E-410D-8EAC-D2D833F0C8A5}.Debug|x86.Build.0 = Debug|Win32
		{8BFFD419-C20E-410D-8EAC-D2D833F0C8A5}.Release|x64.ActiveCfg = Release|x64
		{8BFFD419-C20E-410D-8EAC-D2D833F0C8A5}.Release|x64.Build.0 = Release|x64
		{8BFFD419-C20E-410D-8EAC-D2D833F0C8A5}.Release|x86.ActiveCfg = Release|Win32
		{8BFFD419-C20E-410D-8EAC-D2D833F0C8A5}.Release|x86.Build.0 = Release|Win32
	EndGlobalSection
	GlobalSection(SolutionProperties) = preSolution
		HideSolutionNode = FALSE
	EndGlobalSection
	GlobalSection(ExtensibilityGlobals) = postSolution
		SolutionGuid = {ABE80A8B-1119-4C15-9126-9BFAB7CD1E17}
	EndGlobalSection
EndGlobal
